
Microsoft Visual Studio Solution File, Format Version 12.00
# Visual Studio Version 17
VisualStudioVersion = 17.0.31903.59
MinimumVisualStudioVersion = 10.0.40219.1
Project("{9A19103F-16F7-4668-BE54-9A1E7A4F7556}") = "libcg", "libcg\libcg.csproj", "{11713799-C9BD-4593-86C6-BABAD59C9BE4}"
EndProject
Project("{C7167F0D-BC9F-4E6E-AFE1-012C56B48DB5}") = "Cgpg.WinUI (Package)", "Cgpg.WinUI\Cgpg.WinUI (Package)\Cgpg.WinUI (Package).wapproj", "{DF6DE145-A81E-4EA6-A758-E1C9152DD6D2}"
EndProject
Project("{9A19103F-16F7-4668-BE54-9A1E7A4F7556}") = "Cgpg.WinUI", "Cgpg.WinUI\Cgpg.WinUI\Cgpg.WinUI.csproj", "{69AB487A-94CE-490C-B833-B29A0C89967C}"
EndProject
Project("{9A19103F-16F7-4668-BE54-9A1E7A4F7556}") = "testing", "testing\testing.csproj", "{541D186C-CF15-4197-9C97-178C50CBB634}"
EndProject
Project("{8BC9CEB8-8B4A-11D0-8D11-00A0C91BC942}") = "ShapeEditor", "ShapeEditor\ShapeEditor.vcxproj", "{739D4388-110F-4FAC-AA65-EAF7E72AD65C}"
EndProject
Global
	GlobalSection(SolutionConfigurationPlatforms) = preSolution
		Debug|Any CPU = Debug|Any CPU
		Debug|arm64 = Debug|arm64
		Debug|x64 = Debug|x64
		Debug|x86 = Debug|x86
		Release|Any CPU = Release|Any CPU
		Release|arm64 = Release|arm64
		Release|x64 = Release|x64
		Release|x86 = Release|x86
	EndGlobalSection
	GlobalSection(ProjectConfigurationPlatforms) = postSolution
		{11713799-C9BD-4593-86C6-BABAD59C9BE4}.Debug|Any CPU.ActiveCfg = Debug|Any CPU
		{11713799-C9BD-4593-86C6-BABAD59C9BE4}.Debug|Any CPU.Build.0 = Debug|Any CPU
		{11713799-C9BD-4593-86C6-BABAD59C9BE4}.Debug|arm64.ActiveCfg = Debug|Any CPU
		{11713799-C9BD-4593-86C6-BABAD59C9BE4}.Debug|arm64.Build.0 = Debug|Any CPU
		{11713799-C9BD-4593-86C6-BABAD59C9BE4}.Debug|x64.ActiveCfg = Debug|Any CPU
		{11713799-C9BD-4593-86C6-BABAD59C9BE4}.Debug|x64.Build.0 = Debug|Any CPU
		{11713799-C9BD-4593-86C6-BABAD59C9BE4}.Debug|x86.ActiveCfg = Debug|Any CPU
		{11713799-C9BD-4593-86C6-BABAD59C9BE4}.Debug|x86.Build.0 = Debug|Any CPU
		{11713799-C9BD-4593-86C6-BABAD59C9BE4}.Release|Any CPU.ActiveCfg = Release|Any CPU
		{11713799-C9BD-4593-86C6-BABAD59C9BE4}.Release|Any CPU.Build.0 = Release|Any CPU
		{11713799-C9BD-4593-86C6-BABAD59C9BE4}.Release|arm64.ActiveCfg = Release|Any CPU
		{11713799-C9BD-4593-86C6-BABAD59C9BE4}.Release|arm64.Build.0 = Release|Any CPU
		{11713799-C9BD-4593-86C6-BABAD59C9BE4}.Release|x64.ActiveCfg = Release|Any CPU
		{11713799-C9BD-4593-86C6-BABAD59C9BE4}.Release|x64.Build.0 = Release|Any CPU
		{11713799-C9BD-4593-86C6-BABAD59C9BE4}.Release|x86.ActiveCfg = Release|Any CPU
		{11713799-C9BD-4593-86C6-BABAD59C9BE4}.Release|x86.Build.0 = Release|Any CPU
		{DF6DE145-A81E-4EA6-A758-E1C9152DD6D2}.Debug|Any CPU.ActiveCfg = Debug|x64
		{DF6DE145-A81E-4EA6-A758-E1C9152DD6D2}.Debug|Any CPU.Build.0 = Debug|x64
		{DF6DE145-A81E-4EA6-A758-E1C9152DD6D2}.Debug|Any CPU.Deploy.0 = Debug|x64
		{DF6DE145-A81E-4EA6-A758-E1C9152DD6D2}.Debug|arm64.ActiveCfg = Debug|arm64
		{DF6DE145-A81E-4EA6-A758-E1C9152DD6D2}.Debug|arm64.Build.0 = Debug|arm64
		{DF6DE145-A81E-4EA6-A758-E1C9152DD6D2}.Debug|arm64.Deploy.0 = Debug|arm64
		{DF6DE145-A81E-4EA6-A758-E1C9152DD6D2}.Debug|x64.ActiveCfg = Debug|x64
		{DF6DE145-A81E-4EA6-A758-E1C9152DD6D2}.Debug|x64.Build.0 = Debug|x64
		{DF6DE145-A81E-4EA6-A758-E1C9152DD6D2}.Debug|x64.Deploy.0 = Debug|x64
		{DF6DE145-A81E-4EA6-A758-E1C9152DD6D2}.Debug|x86.ActiveCfg = Debug|x86
		{DF6DE145-A81E-4EA6-A758-E1C9152DD6D2}.Debug|x86.Build.0 = Debug|x86
		{DF6DE145-A81E-4EA6-A758-E1C9152DD6D2}.Debug|x86.Deploy.0 = Debug|x86
		{DF6DE145-A81E-4EA6-A758-E1C9152DD6D2}.Release|Any CPU.ActiveCfg = Release|x64
		{DF6DE145-A81E-4EA6-A758-E1C9152DD6D2}.Release|Any CPU.Build.0 = Release|x64
		{DF6DE145-A81E-4EA6-A758-E1C9152DD6D2}.Release|Any CPU.Deploy.0 = Release|x64
		{DF6DE145-A81E-4EA6-A758-E1C9152DD6D2}.Release|arm64.ActiveCfg = Release|arm64
		{DF6DE145-A81E-4EA6-A758-E1C9152DD6D2}.Release|arm64.Build.0 = Release|arm64
		{DF6DE145-A81E-4EA6-A758-E1C9152DD6D2}.Release|arm64.Deploy.0 = Release|arm64
		{DF6DE145-A81E-4EA6-A758-E1C9152DD6D2}.Release|x64.ActiveCfg = Release|x64
		{DF6DE145-A81E-4EA6-A758-E1C9152DD6D2}.Release|x64.Build.0 = Release|x64
		{DF6DE145-A81E-4EA6-A758-E1C9152DD6D2}.Release|x64.Deploy.0 = Release|x64
		{DF6DE145-A81E-4EA6-A758-E1C9152DD6D2}.Release|x86.ActiveCfg = Release|x86
		{DF6DE145-A81E-4EA6-A758-E1C9152DD6D2}.Release|x86.Build.0 = Release|x86
		{DF6DE145-A81E-4EA6-A758-E1C9152DD6D2}.Release|x86.Deploy.0 = Release|x86
		{69AB487A-94CE-490C-B833-B29A0C89967C}.Debug|Any CPU.ActiveCfg = Debug|x64
		{69AB487A-94CE-490C-B833-B29A0C89967C}.Debug|Any CPU.Build.0 = Debug|x64
		{69AB487A-94CE-490C-B833-B29A0C89967C}.Debug|arm64.ActiveCfg = Debug|arm64
		{69AB487A-94CE-490C-B833-B29A0C89967C}.Debug|arm64.Build.0 = Debug|arm64
		{69AB487A-94CE-490C-B833-B29A0C89967C}.Debug|x64.ActiveCfg = Debug|x64
		{69AB487A-94CE-490C-B833-B29A0C89967C}.Debug|x64.Build.0 = Debug|x64
		{69AB487A-94CE-490C-B833-B29A0C89967C}.Debug|x86.ActiveCfg = Debug|x86
		{69AB487A-94CE-490C-B833-B29A0C89967C}.Debug|x86.Build.0 = Debug|x86
		{69AB487A-94CE-490C-B833-B29A0C89967C}.Release|Any CPU.ActiveCfg = Release|x64
		{69AB487A-94CE-490C-B833-B29A0C89967C}.Release|Any CPU.Build.0 = Release|x64
		{69AB487A-94CE-490C-B833-B29A0C89967C}.Release|arm64.ActiveCfg = Release|arm64
		{69AB487A-94CE-490C-B833-B29A0C89967C}.Release|arm64.Build.0 = Release|arm64
		{69AB487A-94CE-490C-B833-B29A0C89967C}.Release|x64.ActiveCfg = Release|x64
		{69AB487A-94CE-490C-B833-B29A0C89967C}.Release|x64.Build.0 = Release|x64
		{69AB487A-94CE-490C-B833-B29A0C89967C}.Release|x86.ActiveCfg = Release|x86
		{69AB487A-94CE-490C-B833-B29A0C89967C}.Release|x86.Build.0 = Release|x86
		{541D186C-CF15-4197-9C97-178C50CBB634}.Debug|Any CPU.ActiveCfg = Debug|Any CPU
		{541D186C-CF15-4197-9C97-178C50CBB634}.Debug|Any CPU.Build.0 = Debug|Any CPU
		{541D186C-CF15-4197-9C97-178C50CBB634}.Debug|arm64.ActiveCfg = Debug|Any CPU
		{541D186C-CF15-4197-9C97-178C50CBB634}.Debug|arm64.Build.0 = Debug|Any CPU
		{541D186C-CF15-4197-9C97-178C50CBB634}.Debug|x64.ActiveCfg = Debug|Any CPU
		{541D186C-CF15-4197-9C97-178C50CBB634}.Debug|x64.Build.0 = Debug|Any CPU
		{541D186C-CF15-4197-9C97-178C50CBB634}.Debug|x86.ActiveCfg = Debug|Any CPU
		{541D186C-CF15-4197-9C97-178C50CBB634}.Debug|x86.Build.0 = Debug|Any CPU
		{541D186C-CF15-4197-9C97-178C50CBB634}.Release|Any CPU.ActiveCfg = Release|Any CPU
		{541D186C-CF15-4197-9C97-178C50CBB634}.Release|Any CPU.Build.0 = Release|Any CPU
		{541D186C-CF15-4197-9C97-178C50CBB634}.Release|arm64.ActiveCfg = Release|Any CPU
		{541D186C-CF15-4197-9C97-178C50CBB634}.Release|arm64.Build.0 = Release|Any CPU
		{541D186C-CF15-4197-9C97-178C50CBB634}.Release|x64.ActiveCfg = Release|Any CPU
		{541D186C-CF15-4197-9C97-178C50CBB634}.Release|x64.Build.0 = Release|Any CPU
		{541D186C-CF15-4197-9C97-178C50CBB634}.Release|x86.ActiveCfg = Release|Any CPU
		{541D186C-CF15-4197-9C97-178C50CBB634}.Release|x86.Build.0 = Release|Any CPU
		{739D4388-110F-4FAC-AA65-EAF7E72AD65C}.Debug|Any CPU.ActiveCfg = Debug|x64
		{739D4388-110F-4FAC-AA65-EAF7E72AD65C}.Debug|Any CPU.Build.0 = Debug|x64
		{739D4388-110F-4FAC-AA65-EAF7E72AD65C}.Debug|arm64.ActiveCfg = Debug|x64
		{739D4388-110F-4FAC-AA65-EAF7E72AD65C}.Debug|arm64.Build.0 = Debug|x64
		{739D4388-110F-4FAC-AA65-EAF7E72AD65C}.Debug|x64.ActiveCfg = Debug|x64
		{739D4388-110F-4FAC-AA65-EAF7E72AD65C}.Debug|x64.Build.0 = Debug|x64
		{739D4388-110F-4FAC-AA65-EAF7E72AD65C}.Debug|x86.ActiveCfg = Debug|Win32
		{739D4388-110F-4FAC-AA65-EAF7E72AD65C}.Debug|x86.Build.0 = Debug|Win32
		{739D4388-110F-4FAC-AA65-EAF7E72AD65C}.Release|Any CPU.ActiveCfg = Release|x64
		{739D4388-110F-4FAC-AA65-EAF7E72AD65C}.Release|Any CPU.Build.0 = Release|x64
		{739D4388-110F-4FAC-AA65-EAF7E72AD65C}.Release|arm64.ActiveCfg = Release|x64
		{739D4388-110F-4FAC-AA65-EAF7E72AD65C}.Release|arm64.Build.0 = Release|x64
		{739D4388-110F-4FAC-AA65-EAF7E72AD65C}.Release|x64.ActiveCfg = Release|x64
		{739D4388-110F-4FAC-AA65-EAF7E72AD65C}.Release|x64.Build.0 = Release|x64
		{739D4388-110F-4FAC-AA65-EAF7E72AD65C}.Release|x86.ActiveCfg = Release|Win32
		{739D4388-110F-4FAC-AA65-EAF7E72AD65C}.Release|x86.Build.0 = Release|Win32
	EndGlobalSection
	GlobalSection(SolutionProperties) = preSolution
		HideSolutionNode = FALSE
	EndGlobalSection
	GlobalSection(ExtensibilityGlobals) = postSolution
		SolutionGuid = {21C31EEB-B639-478F-B09A-343E377B02B4}
	EndGlobalSection
EndGlobal
